
Microsoft Visual Studio Solution File, Format Version 12.00
# Visual Studio Version 17
VisualStudioVersion = 17.13.35818.85 d17.13
MinimumVisualStudioVersion = 10.0.40219.1
Project("{FAE04EC0-301F-11D3-BF4B-00C04F79EFBC}") = "ForeverSilence", "ForeverSilence\ForeverSilence.csproj", "{40A2C74F-B15F-4D8B-BEA9-804B5AAA5497}"
EndProject
Global
	GlobalSection(SolutionConfigurationPlatforms) = preSolution
		Debug|Any CPU = Debug|Any CPU
		Release|Any CPU = Release|Any CPU
	EndGlobalSection
	GlobalSection(ProjectConfigurationPlatforms) = postSolution
		{40A2C74F-B15F-4D8B-BEA9-804B5AAA5497}.Debug|Any CPU.ActiveCfg = Debug|Any CPU
		{40A2C74F-B15F-4D8B-BEA9-804B5AAA5497}.Debug|Any CPU.Build.0 = Debug|Any CPU
		{40A2C74F-B15F-4D8B-BEA9-804B5AAA5497}.Release|Any CPU.ActiveCfg = Release|Any CPU
		{40A2C74F-B15F-4D8B-BEA9-804B5AAA5497}.Release|Any CPU.Build.0 = Release|Any CPU
	EndGlobalSection
	GlobalSection(SolutionProperties) = preSolution
		HideSolutionNode = FALSE
	EndGlobalSection
	GlobalSection(ExtensibilityGlobals) = postSolution
		SolutionGuid = {23D7726E-0013-4574-B6C8-AAD3F93A3C02}
	EndGlobalSection
EndGlobal
